// !$*UTF8*$!
{
	archiveVersion = 1;
	classes = {
	};
	objectVersion = 50;
	objects = {

/* Begin PBXBuildFile section */
		57DA3D6826B6DF4B006A8A8E /* Launch Screen.storyboard in Resources */ = {isa = PBXBuildFile; fileRef = 57DA3D6726B6DF4B006A8A8E /* Launch Screen.storyboard */; };
		57DA3D6D26B6E4CC006A8A8E /* Kollektif-BoldItalic.ttf in Resources */ = {isa = PBXBuildFile; fileRef = 57DA3D6926B6E4CC006A8A8E /* Kollektif-BoldItalic.ttf */; };
		57DA3D6F26B6E4CC006A8A8E /* Kollektif-Bold.ttf in Resources */ = {isa = PBXBuildFile; fileRef = 57DA3D6B26B6E4CC006A8A8E /* Kollektif-Bold.ttf */; };
		57DA3D7026B6E4CC006A8A8E /* Kollektif-Italic.ttf in Resources */ = {isa = PBXBuildFile; fileRef = 57DA3D6C26B6E4CC006A8A8E /* Kollektif-Italic.ttf */; };
		57DA3D7326B6E858006A8A8E /* Kollektif.ttf in Resources */ = {isa = PBXBuildFile; fileRef = 57DA3D6A26B6E4CC006A8A8E /* Kollektif.ttf */; };
		57E00AB126A5A28400D91E2D /* PlantlyApp.swift in Sources */ = {isa = PBXBuildFile; fileRef = 57E00AB026A5A28400D91E2D /* PlantlyApp.swift */; };
		57E00AB326A5A28400D91E2D /* ContentView.swift in Sources */ = {isa = PBXBuildFile; fileRef = 57E00AB226A5A28400D91E2D /* ContentView.swift */; };
		57E00AB526A5A28500D91E2D /* Assets.xcassets in Resources */ = {isa = PBXBuildFile; fileRef = 57E00AB426A5A28500D91E2D /* Assets.xcassets */; };
		57E00AB826A5A28500D91E2D /* Preview Assets.xcassets in Resources */ = {isa = PBXBuildFile; fileRef = 57E00AB726A5A28500D91E2D /* Preview Assets.xcassets */; };
/* End PBXBuildFile section */

/* Begin PBXFileReference section */
		57DA3D6726B6DF4B006A8A8E /* Launch Screen.storyboard */ = {isa = PBXFileReference; lastKnownFileType = file.storyboard; name = "Launch Screen.storyboard"; path = "Plantly/Preview Content/Launch Screen/Launch Screen.storyboard"; sourceTree = SOURCE_ROOT; };
		57DA3D6926B6E4CC006A8A8E /* Kollektif-BoldItalic.ttf */ = {isa = PBXFileReference; lastKnownFileType = file; path = "Kollektif-BoldItalic.ttf"; sourceTree = "<group>"; };
		57DA3D6A26B6E4CC006A8A8E /* Kollektif.ttf */ = {isa = PBXFileReference; lastKnownFileType = file; path = Kollektif.ttf; sourceTree = "<group>"; };
		57DA3D6B26B6E4CC006A8A8E /* Kollektif-Bold.ttf */ = {isa = PBXFileReference; lastKnownFileType = file; path = "Kollektif-Bold.ttf"; sourceTree = "<group>"; };
		57DA3D6C26B6E4CC006A8A8E /* Kollektif-Italic.ttf */ = {isa = PBXFileReference; lastKnownFileType = file; path = "Kollektif-Italic.ttf"; sourceTree = "<group>"; };
		57E00AAD26A5A28400D91E2D /* Plantly.app */ = {isa = PBXFileReference; explicitFileType = wrapper.application; includeInIndex = 0; path = Plantly.app; sourceTree = BUILT_PRODUCTS_DIR; };
		57E00AB026A5A28400D91E2D /* PlantlyApp.swift */ = {isa = PBXFileReference; lastKnownFileType = sourcecode.swift; path = PlantlyApp.swift; sourceTree = "<group>"; };
		57E00AB226A5A28400D91E2D /* ContentView.swift */ = {isa = PBXFileReference; lastKnownFileType = sourcecode.swift; path = ContentView.swift; sourceTree = "<group>"; };
		57E00AB426A5A28500D91E2D /* Assets.xcassets */ = {isa = PBXFileReference; lastKnownFileType = folder.assetcatalog; path = Assets.xcassets; sourceTree = "<group>"; };
		57E00AB726A5A28500D91E2D /* Preview Assets.xcassets */ = {isa = PBXFileReference; lastKnownFileType = folder.assetcatalog; path = "Preview Assets.xcassets"; sourceTree = "<group>"; };
		57E00AB926A5A28500D91E2D /* Info.plist */ = {isa = PBXFileReference; lastKnownFileType = text.plist.xml; path = Info.plist; sourceTree = "<group>"; };
/* End PBXFileReference section */

/* Begin PBXFrameworksBuildPhase section */
		57E00AAA26A5A28400D91E2D /* Frameworks */ = {
			isa = PBXFrameworksBuildPhase;
			buildActionMask = 2147483647;
			files = (
			);
			runOnlyForDeploymentPostprocessing = 0;
		};
/* End PBXFrameworksBuildPhase section */

/* Begin PBXGroup section */
		57DA3D7126B6E511006A8A8E /* Fonts */ = {
			isa = PBXGroup;
			children = (
				57DA3D6A26B6E4CC006A8A8E /* Kollektif.ttf */,
				57DA3D6C26B6E4CC006A8A8E /* Kollektif-Italic.ttf */,
				57DA3D6926B6E4CC006A8A8E /* Kollektif-BoldItalic.ttf */,
				57DA3D6B26B6E4CC006A8A8E /* Kollektif-Bold.ttf */,
			);
			path = Fonts;
			sourceTree = "<group>";
		};
		57DA3D7226B6E528006A8A8E /* Launch Screen */ = {
			isa = PBXGroup;
			children = (
				57DA3D6726B6DF4B006A8A8E /* Launch Screen.storyboard */,
			);
			path = "Launch Screen";
			sourceTree = "<group>";
		};
		57E00AA426A5A28400D91E2D = {
			isa = PBXGroup;
			children = (
				57E00AAF26A5A28400D91E2D /* Plantly */,
				57E00AAE26A5A28400D91E2D /* Products */,
			);
			sourceTree = "<group>";
		};
		57E00AAE26A5A28400D91E2D /* Products */ = {
			isa = PBXGroup;
			children = (
				57E00AAD26A5A28400D91E2D /* Plantly.app */,
			);
			name = Products;
			sourceTree = "<group>";
		};
		57E00AAF26A5A28400D91E2D /* Plantly */ = {
			isa = PBXGroup;
			children = (
				57E00AB026A5A28400D91E2D /* PlantlyApp.swift */,
				57E00AB226A5A28400D91E2D /* ContentView.swift */,
				57E00AB426A5A28500D91E2D /* Assets.xcassets */,
				57E00AB926A5A28500D91E2D /* Info.plist */,
				57E00AB626A5A28500D91E2D /* Preview Content */,
			);
			path = Plantly;
			sourceTree = "<group>";
		};
		57E00AB626A5A28500D91E2D /* Preview Content */ = {
			isa = PBXGroup;
			children = (
				57DA3D7226B6E528006A8A8E /* Launch Screen */,
				57DA3D7126B6E511006A8A8E /* Fonts */,
				57E00AB726A5A28500D91E2D /* Preview Assets.xcassets */,
			);
			path = "Preview Content";
			sourceTree = "<group>";
		};
/* End PBXGroup section */

/* Begin PBXNativeTarget section */
		57E00AAC26A5A28400D91E2D /* Plantly */ = {
			isa = PBXNativeTarget;
			buildConfigurationList = 57E00ABC26A5A28500D91E2D /* Build configuration list for PBXNativeTarget "Plantly" */;
			buildPhases = (
				57E00AA926A5A28400D91E2D /* Sources */,
				57E00AAA26A5A28400D91E2D /* Frameworks */,
				57E00AAB26A5A28400D91E2D /* Resources */,
			);
			buildRules = (
			);
			dependencies = (
			);
			name = Plantly;
			productName = Plantly;
			productReference = 57E00AAD26A5A28400D91E2D /* Plantly.app */;
			productType = "com.apple.product-type.application";
		};
/* End PBXNativeTarget section */

/* Begin PBXProject section */
		57E00AA526A5A28400D91E2D /* Project object */ = {
			isa = PBXProject;
			attributes = {
				LastSwiftUpdateCheck = 1250;
				LastUpgradeCheck = 1250;
				TargetAttributes = {
					57E00AAC26A5A28400D91E2D = {
						CreatedOnToolsVersion = 12.5.1;
					};
				};
			};
			buildConfigurationList = 57E00AA826A5A28400D91E2D /* Build configuration list for PBXProject "Plantly" */;
			compatibilityVersion = "Xcode 9.3";
			developmentRegion = en;
			hasScannedForEncodings = 0;
			knownRegions = (
				en,
				Base,
			);
			mainGroup = 57E00AA426A5A28400D91E2D;
			productRefGroup = 57E00AAE26A5A28400D91E2D /* Products */;
			projectDirPath = "";
			projectRoot = "";
			targets = (
				57E00AAC26A5A28400D91E2D /* Plantly */,
			);
		};
/* End PBXProject section */

/* Begin PBXResourcesBuildPhase section */
		57E00AAB26A5A28400D91E2D /* Resources */ = {
			isa = PBXResourcesBuildPhase;
			buildActionMask = 2147483647;
			files = (
				57DA3D7326B6E858006A8A8E /* Kollektif.ttf in Resources */,
				57DA3D7026B6E4CC006A8A8E /* Kollektif-Italic.ttf in Resources */,
				57DA3D6826B6DF4B006A8A8E /* Launch Screen.storyboard in Resources */,
				57DA3D6F26B6E4CC006A8A8E /* Kollektif-Bold.ttf in Resources */,
				57DA3D6D26B6E4CC006A8A8E /* Kollektif-BoldItalic.ttf in Resources */,
				57E00AB826A5A28500D91E2D /* Preview Assets.xcassets in Resources */,
				57E00AB526A5A28500D91E2D /* Assets.xcassets in Resources */,
			);
			runOnlyForDeploymentPostprocessing = 0;
		};
/* End PBXResourcesBuildPhase section */

/* Begin PBXSourcesBuildPhase section */
		57E00AA926A5A28400D91E2D /* Sources */ = {
			isa = PBXSourcesBuildPhase;
			buildActionMask = 2147483647;
			files = (
				57E00AB326A5A28400D91E2D /* ContentView.swift in Sources */,
				57E00AB126A5A28400D91E2D /* PlantlyApp.swift in Sources */,
			);
			runOnlyForDeploymentPostprocessing = 0;
		};
/* End PBXSourcesBuildPhase section */

/* Begin XCBuildConfiguration section */
		57E00ABA26A5A28500D91E2D /* Debug */ = {
			isa = XCBuildConfiguration;
			buildSettings = {
				ALWAYS_SEARCH_USER_PATHS = NO;
				CLANG_ANALYZER_NONNULL = YES;
				CLANG_ANALYZER_NUMBER_OBJECT_CONVERSION = YES_AGGRESSIVE;
				CLANG_CXX_LANGUAGE_STANDARD = "gnu++14";
				CLANG_CXX_LIBRARY = "libc++";
				CLANG_ENABLE_MODULES = YES;
				CLANG_ENABLE_OBJC_ARC = YES;
				CLANG_ENABLE_OBJC_WEAK = YES;
				CLANG_WARN_BLOCK_CAPTURE_AUTORELEASING = YES;
				CLANG_WARN_BOOL_CONVERSION = YES;
				CLANG_WARN_COMMA = YES;
				CLANG_WARN_CONSTANT_CONVERSION = YES;
				CLANG_WARN_DEPRECATED_OBJC_IMPLEMENTATIONS = YES;
				CLANG_WARN_DIRECT_OBJC_ISA_USAGE = YES_ERROR;
				CLANG_WARN_DOCUMENTATION_COMMENTS = YES;
				CLANG_WARN_EMPTY_BODY = YES;
				CLANG_WARN_ENUM_CONVERSION = YES;
				CLANG_WARN_INFINITE_RECURSION = YES;
				CLANG_WARN_INT_CONVERSION = YES;
				CLANG_WARN_NON_LITERAL_NULL_CONVERSION = YES;
				CLANG_WARN_OBJC_IMPLICIT_RETAIN_SELF = YES;
				CLANG_WARN_OBJC_LITERAL_CONVERSION = YES;
				CLANG_WARN_OBJC_ROOT_CLASS = YES_ERROR;
				CLANG_WARN_QUOTED_INCLUDE_IN_FRAMEWORK_HEADER = YES;
				CLANG_WARN_RANGE_LOOP_ANALYSIS = YES;
				CLANG_WARN_STRICT_PROTOTYPES = YES;
				CLANG_WARN_SUSPICIOUS_MOVE = YES;
				CLANG_WARN_UNGUARDED_AVAILABILITY = YES_AGGRESSIVE;
				CLANG_WARN_UNREACHABLE_CODE = YES;
				CLANG_WARN__DUPLICATE_METHOD_MATCH = YES;
				COPY_PHASE_STRIP = NO;
				DEBUG_INFORMATION_FORMAT = dwarf;
				ENABLE_STRICT_OBJC_MSGSEND = YES;
				ENABLE_TESTABILITY = YES;
				GCC_C_LANGUAGE_STANDARD = gnu11;
				GCC_DYNAMIC_NO_PIC = NO;
				GCC_NO_COMMON_BLOCKS = YES;
				GCC_OPTIMIZATION_LEVEL = 0;
				GCC_PREPROCESSOR_DEFINITIONS = (
					"DEBUG=1",
					"$(inherited)",
				);
				GCC_WARN_64_TO_32_BIT_CONVERSION = YES;
				GCC_WARN_ABOUT_RETURN_TYPE = YES_ERROR;
				GCC_WARN_UNDECLARED_SELECTOR = YES;
				GCC_WARN_UNINITIALIZED_AUTOS = YES_AGGRESSIVE;
				GCC_WARN_UNUSED_FUNCTION = YES;
				GCC_WARN_UNUSED_VARIABLE = YES;
				IPHONEOS_DEPLOYMENT_TARGET = 14.5;
				MTL_ENABLE_DEBUG_INFO = INCLUDE_SOURCE;
				MTL_FAST_MATH = YES;
				ONLY_ACTIVE_ARCH = YES;
				SDKROOT = iphoneos;
				SWIFT_ACTIVE_COMPILATION_CONDITIONS = DEBUG;
				SWIFT_OPTIMIZATION_LEVEL = "-Onone";
			};
			name = Debug;
		};
		57E00ABB26A5A28500D91E2D /* Release */ = {
			isa = XCBuildConfiguration;
			buildSettings = {
				ALWAYS_SEARCH_USER_PATHS = NO;
				CLANG_ANALYZER_NONNULL = YES;
				CLANG_ANALYZER_NUMBER_OBJECT_CONVERSION = YES_AGGRESSIVE;
				CLANG_CXX_LANGUAGE_STANDARD = "gnu++14";
				CLANG_CXX_LIBRARY = "libc++";
				CLANG_ENABLE_MODULES = YES;
				CLANG_ENABLE_OBJC_ARC = YES;
				CLANG_ENABLE_OBJC_WEAK = YES;
				CLANG_WARN_BLOCK_CAPTURE_AUTORELEASING = YES;
				CLANG_WARN_BOOL_CONVERSION = YES;
				CLANG_WARN_COMMA = YES;
				CLANG_WARN_CONSTANT_CONVERSION = YES;
				CLANG_WARN_DEPRECATED_OBJC_IMPLEMENTATIONS = YES;
				CLANG_WARN_DIRECT_OBJC_ISA_USAGE = YES_ERROR;
				CLANG_WARN_DOCUMENTATION_COMMENTS = YES;
				CLANG_WARN_EMPTY_BODY = YES;
				CLANG_WARN_ENUM_CONVERSION = YES;
				CLANG_WARN_INFINITE_RECURSION = YES;
				CLANG_WARN_INT_CONVERSION = YES;
				CLANG_WARN_NON_LITERAL_NULL_CONVERSION = YES;
				CLANG_WARN_OBJC_IMPLICIT_RETAIN_SELF = YES;
				CLANG_WARN_OBJC_LITERAL_CONVERSION = YES;
				CLANG_WARN_OBJC_ROOT_CLASS = YES_ERROR;
				CLANG_WARN_QUOTED_INCLUDE_IN_FRAMEWORK_HEADER = YES;
				CLANG_WARN_RANGE_LOOP_ANALYSIS = YES;
				CLANG_WARN_STRICT_PROTOTYPES = YES;
				CLANG_WARN_SUSPICIOUS_MOVE = YES;
				CLANG_WARN_UNGUARDED_AVAILABILITY = YES_AGGRESSIVE;
				CLANG_WARN_UNREACHABLE_CODE = YES;
				CLANG_WARN__DUPLICATE_METHOD_MATCH = YES;
				COPY_PHASE_STRIP = NO;
				DEBUG_INFORMATION_FORMAT = "dwarf-with-dsym";
				ENABLE_NS_ASSERTIONS = NO;
				ENABLE_STRICT_OBJC_MSGSEND = YES;
				GCC_C_LANGUAGE_STANDARD = gnu11;
				GCC_NO_COMMON_BLOCKS = YES;
				GCC_WARN_64_TO_32_BIT_CONVERSION = YES;
				GCC_WARN_ABOUT_RETURN_TYPE = YES_ERROR;
				GCC_WARN_UNDECLARED_SELECTOR = YES;
				GCC_WARN_UNINITIALIZED_AUTOS = YES_AGGRESSIVE;
				GCC_WARN_UNUSED_FUNCTION = YES;
				GCC_WARN_UNUSED_VARIABLE = YES;
				IPHONEOS_DEPLOYMENT_TARGET = 14.5;
				MTL_ENABLE_DEBUG_INFO = NO;
				MTL_FAST_MATH = YES;
				SDKROOT = iphoneos;
				SWIFT_COMPILATION_MODE = wholemodule;
				SWIFT_OPTIMIZATION_LEVEL = "-O";
				VALIDATE_PRODUCT = YES;
			};
			name = Release;
		};
		57E00ABD26A5A28500D91E2D /* Debug */ = {
			isa = XCBuildConfiguration;
			buildSettings = {
				ASSETCATALOG_COMPILER_APPICON_NAME = AppIcon;
				ASSETCATALOG_COMPILER_GLOBAL_ACCENT_COLOR_NAME = AccentColor;
				CODE_SIGN_STYLE = Automatic;
				DEVELOPMENT_ASSET_PATHS = "\"Plantly/Preview Content\"";
				ENABLE_PREVIEWS = YES;
				INFOPLIST_FILE = Plantly/Info.plist;
				IPHONEOS_DEPLOYMENT_TARGET = 14.0;
				LD_RUNPATH_SEARCH_PATHS = (
					"$(inherited)",
					"@executable_path/Frameworks",
				);
				PRODUCT_BUNDLE_IDENTIFIER = com.openwindow.plantly.Plantly;
				PRODUCT_NAME = "$(TARGET_NAME)";
				SWIFT_VERSION = 5.0;
				TARGETED_DEVICE_FAMILY = "1,2";
			};
			name = Debug;
		};
		57E00ABE26A5A28500D91E2D /* Release */ = {
			isa = XCBuildConfiguration;
			buildSettings = {
				ASSETCATALOG_COMPILER_APPICON_NAME = AppIcon;
				ASSETCATALOG_COMPILER_GLOBAL_ACCENT_COLOR_NAME = AccentColor;
				CODE_SIGN_STYLE = Automatic;
				DEVELOPMENT_ASSET_PATHS = "\"Plantly/Preview Content\"";
				ENABLE_PREVIEWS = YES;
				INFOPLIST_FILE = Plantly/Info.plist;
				IPHONEOS_DEPLOYMENT_TARGET = 14.0;
				LD_RUNPATH_SEARCH_PATHS = (
					"$(inherited)",
					"@executable_path/Frameworks",
				);
				PRODUCT_BUNDLE_IDENTIFIER = com.openwindow.plantly.Plantly;
				PRODUCT_NAME = "$(TARGET_NAME)";
				SWIFT_VERSION = 5.0;
				TARGETED_DEVICE_FAMILY = "1,2";
			};
			name = Release;
		};
/* End XCBuildConfiguration section */

/* Begin XCConfigurationList section */
		57E00AA826A5A28400D91E2D /* Build configuration list for PBXProject "Plantly" */ = {
			isa = XCConfigurationList;
			buildConfigurations = (
				57E00ABA26A5A28500D91E2D /* Debug */,
				57E00ABB26A5A28500D91E2D /* Release */,
			);
			defaultConfigurationIsVisible = 0;
			defaultConfigurationName = Release;
		};
		57E00ABC26A5A28500D91E2D /* Build configuration list for PBXNativeTarget "Plantly" */ = {
			isa = XCConfigurationList;
			buildConfigurations = (
				57E00ABD26A5A28500D91E2D /* Debug */,
				57E00ABE26A5A28500D91E2D /* Release */,
			);
			defaultConfigurationIsVisible = 0;
			defaultConfigurationName = Release;
		};
/* End XCConfigurationList section */
	};
	rootObject = 57E00AA526A5A28400D91E2D /* Project object */;
}
