// !$*UTF8*$!
{
	archiveVersion = 1;
	classes = {
	};
	objectVersion = 50;
	objects = {

/* Begin PBXBuildFile section */
		57107F1326C59F13004E3E9C /* ConiferPlantListView.swift in Sources */ = {isa = PBXBuildFile; fileRef = 57107F1226C59F13004E3E9C /* ConiferPlantListView.swift */; };
		57107F1626C5A05B004E3E9C /* FernPlantListView.swift in Sources */ = {isa = PBXBuildFile; fileRef = 57107F1526C5A05B004E3E9C /* FernPlantListView.swift */; };
		57107F1926C5A107004E3E9C /* MossPlantListView.swift in Sources */ = {isa = PBXBuildFile; fileRef = 57107F1826C5A107004E3E9C /* MossPlantListView.swift */; };
		572B35C526BB1A910023E8DB /* TipListView.swift in Sources */ = {isa = PBXBuildFile; fileRef = 572B35C426BB1A910023E8DB /* TipListView.swift */; };
		5762C8ED26B6F4A00009D3F9 /* Plant.swift in Sources */ = {isa = PBXBuildFile; fileRef = 5762C8EC26B6F4A00009D3F9 /* Plant.swift */; };
		5762C8F026B6F5F00009D3F9 /* Plants.swift in Sources */ = {isa = PBXBuildFile; fileRef = 5762C8EF26B6F5F00009D3F9 /* Plants.swift */; };
		5762C8F226B702AA0009D3F9 /* PlantRowView.swift in Sources */ = {isa = PBXBuildFile; fileRef = 5762C8F126B702AA0009D3F9 /* PlantRowView.swift */; };
		5762C8F526B718640009D3F9 /* PlantListView.swift in Sources */ = {isa = PBXBuildFile; fileRef = 5762C8F426B718640009D3F9 /* PlantListView.swift */; };
		57792C6326C452B400F0A1F5 /* SettingsView.swift in Sources */ = {isa = PBXBuildFile; fileRef = 57792C6226C452B400F0A1F5 /* SettingsView.swift */; };
		57792C6926C4752100F0A1F5 /* PlantDetailView.swift in Sources */ = {isa = PBXBuildFile; fileRef = 57792C6826C4752100F0A1F5 /* PlantDetailView.swift */; };
		57792C6C26C52F1C00F0A1F5 /* SearchBarView.swift in Sources */ = {isa = PBXBuildFile; fileRef = 57792C6B26C52F1C00F0A1F5 /* SearchBarView.swift */; };
		57792CA026C56D8B00F0A1F5 /* Category.swift in Sources */ = {isa = PBXBuildFile; fileRef = 57792C9F26C56D8B00F0A1F5 /* Category.swift */; };
		57792CA226C56DB800F0A1F5 /* Categories.swift in Sources */ = {isa = PBXBuildFile; fileRef = 57792CA126C56DB800F0A1F5 /* Categories.swift */; };
		57792CA826C593C400F0A1F5 /* FlowerPlantListView.swift in Sources */ = {isa = PBXBuildFile; fileRef = 57792CA726C593C400F0A1F5 /* FlowerPlantListView.swift */; };
		5779D29D26BBF39600C32E5A /* OnboardingView.swift in Sources */ = {isa = PBXBuildFile; fileRef = 5779D29C26BBF39600C32E5A /* OnboardingView.swift */; };
		5779D29F26BBF3AD00C32E5A /* OnboardingScreenView.swift in Sources */ = {isa = PBXBuildFile; fileRef = 5779D29E26BBF3AD00C32E5A /* OnboardingScreenView.swift */; };
		5779D2A226BC093800C32E5A /* DashboardView.swift in Sources */ = {isa = PBXBuildFile; fileRef = 5779D2A126BC093800C32E5A /* DashboardView.swift */; };
		5779D2A526BC09AD00C32E5A /* MenuView.swift in Sources */ = {isa = PBXBuildFile; fileRef = 5779D2A426BC09AD00C32E5A /* MenuView.swift */; };
		57BB8AE626B840B6005C3588 /* Tips.swift in Sources */ = {isa = PBXBuildFile; fileRef = 57BB8AE526B840B6005C3588 /* Tips.swift */; };
		57BB8AE826B840CA005C3588 /* Tip.swift in Sources */ = {isa = PBXBuildFile; fileRef = 57BB8AE726B840CA005C3588 /* Tip.swift */; };
		57BB8AEB26B84797005C3588 /* TipRowView.swift in Sources */ = {isa = PBXBuildFile; fileRef = 57BB8AEA26B84797005C3588 /* TipRowView.swift */; };
		57DA3D6826B6DF4B006A8A8E /* Launch Screen.storyboard in Resources */ = {isa = PBXBuildFile; fileRef = 57DA3D6726B6DF4B006A8A8E /* Launch Screen.storyboard */; };
		57DA3D6D26B6E4CC006A8A8E /* Kollektif-BoldItalic.ttf in Resources */ = {isa = PBXBuildFile; fileRef = 57DA3D6926B6E4CC006A8A8E /* Kollektif-BoldItalic.ttf */; };
		57DA3D6F26B6E4CC006A8A8E /* Kollektif-Bold.ttf in Resources */ = {isa = PBXBuildFile; fileRef = 57DA3D6B26B6E4CC006A8A8E /* Kollektif-Bold.ttf */; };
		57DA3D7026B6E4CC006A8A8E /* Kollektif-Italic.ttf in Resources */ = {isa = PBXBuildFile; fileRef = 57DA3D6C26B6E4CC006A8A8E /* Kollektif-Italic.ttf */; };
		57DA3D7326B6E858006A8A8E /* Kollektif.ttf in Resources */ = {isa = PBXBuildFile; fileRef = 57DA3D6A26B6E4CC006A8A8E /* Kollektif.ttf */; };
		57E00AB126A5A28400D91E2D /* PlantlyApp.swift in Sources */ = {isa = PBXBuildFile; fileRef = 57E00AB026A5A28400D91E2D /* PlantlyApp.swift */; };
		57E00AB326A5A28400D91E2D /* ContentView.swift in Sources */ = {isa = PBXBuildFile; fileRef = 57E00AB226A5A28400D91E2D /* ContentView.swift */; };
		57E00AB526A5A28500D91E2D /* Assets.xcassets in Resources */ = {isa = PBXBuildFile; fileRef = 57E00AB426A5A28500D91E2D /* Assets.xcassets */; };
		57E00AB826A5A28500D91E2D /* Preview Assets.xcassets in Resources */ = {isa = PBXBuildFile; fileRef = 57E00AB726A5A28500D91E2D /* Preview Assets.xcassets */; };
/* End PBXBuildFile section */

/* Begin PBXFileReference section */
		57107F1226C59F13004E3E9C /* ConiferPlantListView.swift */ = {isa = PBXFileReference; lastKnownFileType = sourcecode.swift; path = ConiferPlantListView.swift; sourceTree = "<group>"; };
		57107F1526C5A05B004E3E9C /* FernPlantListView.swift */ = {isa = PBXFileReference; lastKnownFileType = sourcecode.swift; path = FernPlantListView.swift; sourceTree = "<group>"; };
		57107F1826C5A107004E3E9C /* MossPlantListView.swift */ = {isa = PBXFileReference; lastKnownFileType = sourcecode.swift; path = MossPlantListView.swift; sourceTree = "<group>"; };
		572B35C426BB1A910023E8DB /* TipListView.swift */ = {isa = PBXFileReference; lastKnownFileType = sourcecode.swift; path = TipListView.swift; sourceTree = "<group>"; };
		5762C8EC26B6F4A00009D3F9 /* Plant.swift */ = {isa = PBXFileReference; lastKnownFileType = sourcecode.swift; path = Plant.swift; sourceTree = "<group>"; };
		5762C8EF26B6F5F00009D3F9 /* Plants.swift */ = {isa = PBXFileReference; lastKnownFileType = sourcecode.swift; path = Plants.swift; sourceTree = "<group>"; };
		5762C8F126B702AA0009D3F9 /* PlantRowView.swift */ = {isa = PBXFileReference; lastKnownFileType = sourcecode.swift; path = PlantRowView.swift; sourceTree = "<group>"; };
		5762C8F426B718640009D3F9 /* PlantListView.swift */ = {isa = PBXFileReference; lastKnownFileType = sourcecode.swift; path = PlantListView.swift; sourceTree = "<group>"; };
		57792C6226C452B400F0A1F5 /* SettingsView.swift */ = {isa = PBXFileReference; lastKnownFileType = sourcecode.swift; path = SettingsView.swift; sourceTree = "<group>"; };
		57792C6826C4752100F0A1F5 /* PlantDetailView.swift */ = {isa = PBXFileReference; lastKnownFileType = sourcecode.swift; path = PlantDetailView.swift; sourceTree = "<group>"; };
		57792C6B26C52F1C00F0A1F5 /* SearchBarView.swift */ = {isa = PBXFileReference; lastKnownFileType = sourcecode.swift; path = SearchBarView.swift; sourceTree = "<group>"; };
		57792C9F26C56D8B00F0A1F5 /* Category.swift */ = {isa = PBXFileReference; lastKnownFileType = sourcecode.swift; path = Category.swift; sourceTree = "<group>"; };
		57792CA126C56DB800F0A1F5 /* Categories.swift */ = {isa = PBXFileReference; lastKnownFileType = sourcecode.swift; path = Categories.swift; sourceTree = "<group>"; };
		57792CA726C593C400F0A1F5 /* FlowerPlantListView.swift */ = {isa = PBXFileReference; lastKnownFileType = sourcecode.swift; path = FlowerPlantListView.swift; sourceTree = "<group>"; };
		5779D29C26BBF39600C32E5A /* OnboardingView.swift */ = {isa = PBXFileReference; lastKnownFileType = sourcecode.swift; path = OnboardingView.swift; sourceTree = "<group>"; };
		5779D29E26BBF3AD00C32E5A /* OnboardingScreenView.swift */ = {isa = PBXFileReference; lastKnownFileType = sourcecode.swift; path = OnboardingScreenView.swift; sourceTree = "<group>"; };
		5779D2A126BC093800C32E5A /* DashboardView.swift */ = {isa = PBXFileReference; lastKnownFileType = sourcecode.swift; path = DashboardView.swift; sourceTree = "<group>"; };
		5779D2A426BC09AD00C32E5A /* MenuView.swift */ = {isa = PBXFileReference; lastKnownFileType = sourcecode.swift; path = MenuView.swift; sourceTree = "<group>"; };
		57BB8AE526B840B6005C3588 /* Tips.swift */ = {isa = PBXFileReference; lastKnownFileType = sourcecode.swift; path = Tips.swift; sourceTree = "<group>"; };
		57BB8AE726B840CA005C3588 /* Tip.swift */ = {isa = PBXFileReference; lastKnownFileType = sourcecode.swift; path = Tip.swift; sourceTree = "<group>"; };
		57BB8AEA26B84797005C3588 /* TipRowView.swift */ = {isa = PBXFileReference; lastKnownFileType = sourcecode.swift; path = TipRowView.swift; sourceTree = "<group>"; };
		57DA3D6726B6DF4B006A8A8E /* Launch Screen.storyboard */ = {isa = PBXFileReference; lastKnownFileType = file.storyboard; name = "Launch Screen.storyboard"; path = "Plantly/Launch Screen.storyboard"; sourceTree = SOURCE_ROOT; };
		57DA3D6926B6E4CC006A8A8E /* Kollektif-BoldItalic.ttf */ = {isa = PBXFileReference; lastKnownFileType = file; path = "Kollektif-BoldItalic.ttf"; sourceTree = "<group>"; };
		57DA3D6A26B6E4CC006A8A8E /* Kollektif.ttf */ = {isa = PBXFileReference; lastKnownFileType = file; path = Kollektif.ttf; sourceTree = "<group>"; };
		57DA3D6B26B6E4CC006A8A8E /* Kollektif-Bold.ttf */ = {isa = PBXFileReference; lastKnownFileType = file; path = "Kollektif-Bold.ttf"; sourceTree = "<group>"; };
		57DA3D6C26B6E4CC006A8A8E /* Kollektif-Italic.ttf */ = {isa = PBXFileReference; lastKnownFileType = file; path = "Kollektif-Italic.ttf"; sourceTree = "<group>"; };
		57E00AAD26A5A28400D91E2D /* Plantly.app */ = {isa = PBXFileReference; explicitFileType = wrapper.application; includeInIndex = 0; path = Plantly.app; sourceTree = BUILT_PRODUCTS_DIR; };
		57E00AB026A5A28400D91E2D /* PlantlyApp.swift */ = {isa = PBXFileReference; lastKnownFileType = sourcecode.swift; path = PlantlyApp.swift; sourceTree = "<group>"; };
		57E00AB226A5A28400D91E2D /* ContentView.swift */ = {isa = PBXFileReference; lastKnownFileType = sourcecode.swift; path = ContentView.swift; sourceTree = "<group>"; };
		57E00AB426A5A28500D91E2D /* Assets.xcassets */ = {isa = PBXFileReference; lastKnownFileType = folder.assetcatalog; path = Assets.xcassets; sourceTree = "<group>"; };
		57E00AB726A5A28500D91E2D /* Preview Assets.xcassets */ = {isa = PBXFileReference; lastKnownFileType = folder.assetcatalog; path = "Preview Assets.xcassets"; sourceTree = "<group>"; };
		57E00AB926A5A28500D91E2D /* Info.plist */ = {isa = PBXFileReference; lastKnownFileType = text.plist.xml; path = Info.plist; sourceTree = "<group>"; };
/* End PBXFileReference section */

/* Begin PBXFrameworksBuildPhase section */
		57E00AAA26A5A28400D91E2D /* Frameworks */ = {
			isa = PBXFrameworksBuildPhase;
			buildActionMask = 2147483647;
			files = (
			);
			runOnlyForDeploymentPostprocessing = 0;
		};
/* End PBXFrameworksBuildPhase section */

/* Begin PBXGroup section */
		57107F1126C59EF9004E3E9C /* ConiferPlantListView */ = {
			isa = PBXGroup;
			children = (
				57107F1226C59F13004E3E9C /* ConiferPlantListView.swift */,
			);
			path = ConiferPlantListView;
			sourceTree = "<group>";
		};
		57107F1426C5A048004E3E9C /* FernPlantListView */ = {
			isa = PBXGroup;
			children = (
				57107F1526C5A05B004E3E9C /* FernPlantListView.swift */,
			);
			path = FernPlantListView;
			sourceTree = "<group>";
		};
		57107F1726C5A0EE004E3E9C /* MossPlantListView */ = {
			isa = PBXGroup;
			children = (
				57107F1826C5A107004E3E9C /* MossPlantListView.swift */,
			);
			path = MossPlantListView;
			sourceTree = "<group>";
		};
		572B35C326BB1A6F0023E8DB /* TipListView */ = {
			isa = PBXGroup;
			children = (
				572B35C426BB1A910023E8DB /* TipListView.swift */,
			);
			path = TipListView;
			sourceTree = "<group>";
		};
		5762C8E926B6F29F0009D3F9 /* Model */ = {
			isa = PBXGroup;
			children = (
				5762C8EC26B6F4A00009D3F9 /* Plant.swift */,
				57BB8AE726B840CA005C3588 /* Tip.swift */,
				57792C9F26C56D8B00F0A1F5 /* Category.swift */,
			);
			path = Model;
			sourceTree = "<group>";
		};
		5762C8EA26B6F2D70009D3F9 /* View */ = {
			isa = PBXGroup;
			children = (
				57792C6A26C52F0900F0A1F5 /* SearchBarView */,
				57792C6126C4529D00F0A1F5 /* Settings */,
				5779D2A026BC090C00C32E5A /* Dashboard */,
				5779D29B26BBF2F500C32E5A /* Onboarding */,
				57BB8AE926B84777005C3588 /* TipRowView */,
				5762C8F626B71AE20009D3F9 /* PlantRowView */,
			);
			path = View;
			sourceTree = "<group>";
		};
		5762C8EE26B6F5DE0009D3F9 /* Data */ = {
			isa = PBXGroup;
			children = (
				5762C8EF26B6F5F00009D3F9 /* Plants.swift */,
				57BB8AE526B840B6005C3588 /* Tips.swift */,
				57792CA126C56DB800F0A1F5 /* Categories.swift */,
			);
			path = Data;
			sourceTree = "<group>";
		};
		5762C8F326B717FE0009D3F9 /* Scenes */ = {
			isa = PBXGroup;
			children = (
				57792C6726C4750600F0A1F5 /* PlantDetailView */,
				572B35C326BB1A6F0023E8DB /* TipListView */,
				5762C8F726B71B020009D3F9 /* PlantListView */,
			);
			path = Scenes;
			sourceTree = "<group>";
		};
		5762C8F626B71AE20009D3F9 /* PlantRowView */ = {
			isa = PBXGroup;
			children = (
				5762C8F126B702AA0009D3F9 /* PlantRowView.swift */,
			);
			path = PlantRowView;
			sourceTree = "<group>";
		};
		5762C8F726B71B020009D3F9 /* PlantListView */ = {
			isa = PBXGroup;
			children = (
				57107F1726C5A0EE004E3E9C /* MossPlantListView */,
				57107F1426C5A048004E3E9C /* FernPlantListView */,
				57107F1126C59EF9004E3E9C /* ConiferPlantListView */,
				57792CA626C593A300F0A1F5 /* FlowerPlantListView */,
				5762C8F426B718640009D3F9 /* PlantListView.swift */,
			);
			path = PlantListView;
			sourceTree = "<group>";
		};
		57792C6126C4529D00F0A1F5 /* Settings */ = {
			isa = PBXGroup;
			children = (
				57792C6226C452B400F0A1F5 /* SettingsView.swift */,
			);
			path = Settings;
			sourceTree = "<group>";
		};
		57792C6726C4750600F0A1F5 /* PlantDetailView */ = {
			isa = PBXGroup;
			children = (
				57792C6826C4752100F0A1F5 /* PlantDetailView.swift */,
			);
			path = PlantDetailView;
			sourceTree = "<group>";
		};
		57792C6A26C52F0900F0A1F5 /* SearchBarView */ = {
			isa = PBXGroup;
			children = (
				57792C6B26C52F1C00F0A1F5 /* SearchBarView.swift */,
			);
			path = SearchBarView;
			sourceTree = "<group>";
		};
		57792CA626C593A300F0A1F5 /* FlowerPlantListView */ = {
			isa = PBXGroup;
			children = (
				57792CA726C593C400F0A1F5 /* FlowerPlantListView.swift */,
			);
			path = FlowerPlantListView;
			sourceTree = "<group>";
		};
		5779D29B26BBF2F500C32E5A /* Onboarding */ = {
			isa = PBXGroup;
			children = (
				5779D29C26BBF39600C32E5A /* OnboardingView.swift */,
				5779D29E26BBF3AD00C32E5A /* OnboardingScreenView.swift */,
			);
			path = Onboarding;
			sourceTree = "<group>";
		};
		5779D2A026BC090C00C32E5A /* Dashboard */ = {
			isa = PBXGroup;
			children = (
				5779D2A326BC099C00C32E5A /* MenuView */,
				5779D2A126BC093800C32E5A /* DashboardView.swift */,
			);
			path = Dashboard;
			sourceTree = "<group>";
		};
		5779D2A326BC099C00C32E5A /* MenuView */ = {
			isa = PBXGroup;
			children = (
				5779D2A426BC09AD00C32E5A /* MenuView.swift */,
			);
			path = MenuView;
			sourceTree = "<group>";
		};
		57BB8AE926B84777005C3588 /* TipRowView */ = {
			isa = PBXGroup;
			children = (
				57BB8AEA26B84797005C3588 /* TipRowView.swift */,
			);
			path = TipRowView;
			sourceTree = "<group>";
		};
		57DA3D7126B6E511006A8A8E /* Fonts */ = {
			isa = PBXGroup;
			children = (
				57DA3D6A26B6E4CC006A8A8E /* Kollektif.ttf */,
				57DA3D6C26B6E4CC006A8A8E /* Kollektif-Italic.ttf */,
				57DA3D6926B6E4CC006A8A8E /* Kollektif-BoldItalic.ttf */,
				57DA3D6B26B6E4CC006A8A8E /* Kollektif-Bold.ttf */,
			);
			path = Fonts;
			sourceTree = "<group>";
		};
		57E00AA426A5A28400D91E2D = {
			isa = PBXGroup;
			children = (
				57E00AAF26A5A28400D91E2D /* Plantly */,
				57E00AAE26A5A28400D91E2D /* Products */,
			);
			sourceTree = "<group>";
		};
		57E00AAE26A5A28400D91E2D /* Products */ = {
			isa = PBXGroup;
			children = (
				57E00AAD26A5A28400D91E2D /* Plantly.app */,
			);
			name = Products;
			sourceTree = "<group>";
		};
		57E00AAF26A5A28400D91E2D /* Plantly */ = {
			isa = PBXGroup;
			children = (
				5762C8F326B717FE0009D3F9 /* Scenes */,
				5762C8EE26B6F5DE0009D3F9 /* Data */,
				5762C8EA26B6F2D70009D3F9 /* View */,
				5762C8E926B6F29F0009D3F9 /* Model */,
				57E00AB026A5A28400D91E2D /* PlantlyApp.swift */,
				57DA3D6726B6DF4B006A8A8E /* Launch Screen.storyboard */,
				57E00AB226A5A28400D91E2D /* ContentView.swift */,
				57E00AB426A5A28500D91E2D /* Assets.xcassets */,
				57E00AB926A5A28500D91E2D /* Info.plist */,
				57E00AB626A5A28500D91E2D /* Preview Content */,
			);
			path = Plantly;
			sourceTree = "<group>";
		};
		57E00AB626A5A28500D91E2D /* Preview Content */ = {
			isa = PBXGroup;
			children = (
				57DA3D7126B6E511006A8A8E /* Fonts */,
				57E00AB726A5A28500D91E2D /* Preview Assets.xcassets */,
			);
			path = "Preview Content";
			sourceTree = "<group>";
		};
/* End PBXGroup section */

/* Begin PBXNativeTarget section */
		57E00AAC26A5A28400D91E2D /* Plantly */ = {
			isa = PBXNativeTarget;
			buildConfigurationList = 57E00ABC26A5A28500D91E2D /* Build configuration list for PBXNativeTarget "Plantly" */;
			buildPhases = (
				57E00AA926A5A28400D91E2D /* Sources */,
				57E00AAA26A5A28400D91E2D /* Frameworks */,
				57E00AAB26A5A28400D91E2D /* Resources */,
			);
			buildRules = (
			);
			dependencies = (
			);
			name = Plantly;
			productName = Plantly;
			productReference = 57E00AAD26A5A28400D91E2D /* Plantly.app */;
			productType = "com.apple.product-type.application";
		};
/* End PBXNativeTarget section */

/* Begin PBXProject section */
		57E00AA526A5A28400D91E2D /* Project object */ = {
			isa = PBXProject;
			attributes = {
				LastSwiftUpdateCheck = 1250;
				LastUpgradeCheck = 1250;
				TargetAttributes = {
					57E00AAC26A5A28400D91E2D = {
						CreatedOnToolsVersion = 12.5.1;
					};
				};
			};
			buildConfigurationList = 57E00AA826A5A28400D91E2D /* Build configuration list for PBXProject "Plantly" */;
			compatibilityVersion = "Xcode 9.3";
			developmentRegion = en;
			hasScannedForEncodings = 0;
			knownRegions = (
				en,
				Base,
			);
			mainGroup = 57E00AA426A5A28400D91E2D;
			productRefGroup = 57E00AAE26A5A28400D91E2D /* Products */;
			projectDirPath = "";
			projectRoot = "";
			targets = (
				57E00AAC26A5A28400D91E2D /* Plantly */,
			);
		};
/* End PBXProject section */

/* Begin PBXResourcesBuildPhase section */
		57E00AAB26A5A28400D91E2D /* Resources */ = {
			isa = PBXResourcesBuildPhase;
			buildActionMask = 2147483647;
			files = (
				57DA3D7326B6E858006A8A8E /* Kollektif.ttf in Resources */,
				57DA3D7026B6E4CC006A8A8E /* Kollektif-Italic.ttf in Resources */,
				57DA3D6826B6DF4B006A8A8E /* Launch Screen.storyboard in Resources */,
				57DA3D6F26B6E4CC006A8A8E /* Kollektif-Bold.ttf in Resources */,
				57DA3D6D26B6E4CC006A8A8E /* Kollektif-BoldItalic.ttf in Resources */,
				57E00AB826A5A28500D91E2D /* Preview Assets.xcassets in Resources */,
				57E00AB526A5A28500D91E2D /* Assets.xcassets in Resources */,
			);
			runOnlyForDeploymentPostprocessing = 0;
		};
/* End PBXResourcesBuildPhase section */

/* Begin PBXSourcesBuildPhase section */
		57E00AA926A5A28400D91E2D /* Sources */ = {
			isa = PBXSourcesBuildPhase;
			buildActionMask = 2147483647;
			files = (
				5779D29F26BBF3AD00C32E5A /* OnboardingScreenView.swift in Sources */,
				57E00AB326A5A28400D91E2D /* ContentView.swift in Sources */,
				57107F1626C5A05B004E3E9C /* FernPlantListView.swift in Sources */,
				57792CA826C593C400F0A1F5 /* FlowerPlantListView.swift in Sources */,
				5762C8F226B702AA0009D3F9 /* PlantRowView.swift in Sources */,
				5779D2A226BC093800C32E5A /* DashboardView.swift in Sources */,
				572B35C526BB1A910023E8DB /* TipListView.swift in Sources */,
				57792C6926C4752100F0A1F5 /* PlantDetailView.swift in Sources */,
				5762C8F526B718640009D3F9 /* PlantListView.swift in Sources */,
				57792CA226C56DB800F0A1F5 /* Categories.swift in Sources */,
				5762C8F026B6F5F00009D3F9 /* Plants.swift in Sources */,
				57BB8AE626B840B6005C3588 /* Tips.swift in Sources */,
				57792CA026C56D8B00F0A1F5 /* Category.swift in Sources */,
				57792C6C26C52F1C00F0A1F5 /* SearchBarView.swift in Sources */,
				57792C6326C452B400F0A1F5 /* SettingsView.swift in Sources */,
				57107F1326C59F13004E3E9C /* ConiferPlantListView.swift in Sources */,
				57BB8AE826B840CA005C3588 /* Tip.swift in Sources */,
				5779D2A526BC09AD00C32E5A /* MenuView.swift in Sources */,
				57BB8AEB26B84797005C3588 /* TipRowView.swift in Sources */,
				57107F1926C5A107004E3E9C /* MossPlantListView.swift in Sources */,
				5779D29D26BBF39600C32E5A /* OnboardingView.swift in Sources */,
				5762C8ED26B6F4A00009D3F9 /* Plant.swift in Sources */,
				57E00AB126A5A28400D91E2D /* PlantlyApp.swift in Sources */,
			);
			runOnlyForDeploymentPostprocessing = 0;
		};
/* End PBXSourcesBuildPhase section */

/* Begin XCBuildConfiguration section */
		57E00ABA26A5A28500D91E2D /* Debug */ = {
			isa = XCBuildConfiguration;
			buildSettings = {
				ALWAYS_SEARCH_USER_PATHS = NO;
				CLANG_ANALYZER_NONNULL = YES;
				CLANG_ANALYZER_NUMBER_OBJECT_CONVERSION = YES_AGGRESSIVE;
				CLANG_CXX_LANGUAGE_STANDARD = "gnu++14";
				CLANG_CXX_LIBRARY = "libc++";
				CLANG_ENABLE_MODULES = YES;
				CLANG_ENABLE_OBJC_ARC = YES;
				CLANG_ENABLE_OBJC_WEAK = YES;
				CLANG_WARN_BLOCK_CAPTURE_AUTORELEASING = YES;
				CLANG_WARN_BOOL_CONVERSION = YES;
				CLANG_WARN_COMMA = YES;
				CLANG_WARN_CONSTANT_CONVERSION = YES;
				CLANG_WARN_DEPRECATED_OBJC_IMPLEMENTATIONS = YES;
				CLANG_WARN_DIRECT_OBJC_ISA_USAGE = YES_ERROR;
				CLANG_WARN_DOCUMENTATION_COMMENTS = YES;
				CLANG_WARN_EMPTY_BODY = YES;
				CLANG_WARN_ENUM_CONVERSION = YES;
				CLANG_WARN_INFINITE_RECURSION = YES;
				CLANG_WARN_INT_CONVERSION = YES;
				CLANG_WARN_NON_LITERAL_NULL_CONVERSION = YES;
				CLANG_WARN_OBJC_IMPLICIT_RETAIN_SELF = YES;
				CLANG_WARN_OBJC_LITERAL_CONVERSION = YES;
				CLANG_WARN_OBJC_ROOT_CLASS = YES_ERROR;
				CLANG_WARN_QUOTED_INCLUDE_IN_FRAMEWORK_HEADER = YES;
				CLANG_WARN_RANGE_LOOP_ANALYSIS = YES;
				CLANG_WARN_STRICT_PROTOTYPES = YES;
				CLANG_WARN_SUSPICIOUS_MOVE = YES;
				CLANG_WARN_UNGUARDED_AVAILABILITY = YES_AGGRESSIVE;
				CLANG_WARN_UNREACHABLE_CODE = YES;
				CLANG_WARN__DUPLICATE_METHOD_MATCH = YES;
				COPY_PHASE_STRIP = NO;
				DEBUG_INFORMATION_FORMAT = dwarf;
				ENABLE_STRICT_OBJC_MSGSEND = YES;
				ENABLE_TESTABILITY = YES;
				GCC_C_LANGUAGE_STANDARD = gnu11;
				GCC_DYNAMIC_NO_PIC = NO;
				GCC_NO_COMMON_BLOCKS = YES;
				GCC_OPTIMIZATION_LEVEL = 0;
				GCC_PREPROCESSOR_DEFINITIONS = (
					"DEBUG=1",
					"$(inherited)",
				);
				GCC_WARN_64_TO_32_BIT_CONVERSION = YES;
				GCC_WARN_ABOUT_RETURN_TYPE = YES_ERROR;
				GCC_WARN_UNDECLARED_SELECTOR = YES;
				GCC_WARN_UNINITIALIZED_AUTOS = YES_AGGRESSIVE;
				GCC_WARN_UNUSED_FUNCTION = YES;
				GCC_WARN_UNUSED_VARIABLE = YES;
				IPHONEOS_DEPLOYMENT_TARGET = 14.5;
				MTL_ENABLE_DEBUG_INFO = INCLUDE_SOURCE;
				MTL_FAST_MATH = YES;
				ONLY_ACTIVE_ARCH = YES;
				SDKROOT = iphoneos;
				SWIFT_ACTIVE_COMPILATION_CONDITIONS = DEBUG;
				SWIFT_OPTIMIZATION_LEVEL = "-Onone";
			};
			name = Debug;
		};
		57E00ABB26A5A28500D91E2D /* Release */ = {
			isa = XCBuildConfiguration;
			buildSettings = {
				ALWAYS_SEARCH_USER_PATHS = NO;
				CLANG_ANALYZER_NONNULL = YES;
				CLANG_ANALYZER_NUMBER_OBJECT_CONVERSION = YES_AGGRESSIVE;
				CLANG_CXX_LANGUAGE_STANDARD = "gnu++14";
				CLANG_CXX_LIBRARY = "libc++";
				CLANG_ENABLE_MODULES = YES;
				CLANG_ENABLE_OBJC_ARC = YES;
				CLANG_ENABLE_OBJC_WEAK = YES;
				CLANG_WARN_BLOCK_CAPTURE_AUTORELEASING = YES;
				CLANG_WARN_BOOL_CONVERSION = YES;
				CLANG_WARN_COMMA = YES;
				CLANG_WARN_CONSTANT_CONVERSION = YES;
				CLANG_WARN_DEPRECATED_OBJC_IMPLEMENTATIONS = YES;
				CLANG_WARN_DIRECT_OBJC_ISA_USAGE = YES_ERROR;
				CLANG_WARN_DOCUMENTATION_COMMENTS = YES;
				CLANG_WARN_EMPTY_BODY = YES;
				CLANG_WARN_ENUM_CONVERSION = YES;
				CLANG_WARN_INFINITE_RECURSION = YES;
				CLANG_WARN_INT_CONVERSION = YES;
				CLANG_WARN_NON_LITERAL_NULL_CONVERSION = YES;
				CLANG_WARN_OBJC_IMPLICIT_RETAIN_SELF = YES;
				CLANG_WARN_OBJC_LITERAL_CONVERSION = YES;
				CLANG_WARN_OBJC_ROOT_CLASS = YES_ERROR;
				CLANG_WARN_QUOTED_INCLUDE_IN_FRAMEWORK_HEADER = YES;
				CLANG_WARN_RANGE_LOOP_ANALYSIS = YES;
				CLANG_WARN_STRICT_PROTOTYPES = YES;
				CLANG_WARN_SUSPICIOUS_MOVE = YES;
				CLANG_WARN_UNGUARDED_AVAILABILITY = YES_AGGRESSIVE;
				CLANG_WARN_UNREACHABLE_CODE = YES;
				CLANG_WARN__DUPLICATE_METHOD_MATCH = YES;
				COPY_PHASE_STRIP = NO;
				DEBUG_INFORMATION_FORMAT = "dwarf-with-dsym";
				ENABLE_NS_ASSERTIONS = NO;
				ENABLE_STRICT_OBJC_MSGSEND = YES;
				GCC_C_LANGUAGE_STANDARD = gnu11;
				GCC_NO_COMMON_BLOCKS = YES;
				GCC_WARN_64_TO_32_BIT_CONVERSION = YES;
				GCC_WARN_ABOUT_RETURN_TYPE = YES_ERROR;
				GCC_WARN_UNDECLARED_SELECTOR = YES;
				GCC_WARN_UNINITIALIZED_AUTOS = YES_AGGRESSIVE;
				GCC_WARN_UNUSED_FUNCTION = YES;
				GCC_WARN_UNUSED_VARIABLE = YES;
				IPHONEOS_DEPLOYMENT_TARGET = 14.5;
				MTL_ENABLE_DEBUG_INFO = NO;
				MTL_FAST_MATH = YES;
				SDKROOT = iphoneos;
				SWIFT_COMPILATION_MODE = wholemodule;
				SWIFT_OPTIMIZATION_LEVEL = "-O";
				VALIDATE_PRODUCT = YES;
			};
			name = Release;
		};
		57E00ABD26A5A28500D91E2D /* Debug */ = {
			isa = XCBuildConfiguration;
			buildSettings = {
				ASSETCATALOG_COMPILER_APPICON_NAME = AppIcon;
				ASSETCATALOG_COMPILER_GLOBAL_ACCENT_COLOR_NAME = AccentColor;
				CODE_SIGN_STYLE = Manual;
				DEVELOPMENT_ASSET_PATHS = "\"Plantly/Preview Content\"";
				DEVELOPMENT_TEAM = "Dylan da Silva";
				ENABLE_PREVIEWS = YES;
				INFOPLIST_FILE = Plantly/Info.plist;
				IPHONEOS_DEPLOYMENT_TARGET = 14.0;
				LD_RUNPATH_SEARCH_PATHS = (
					"$(inherited)",
					"@executable_path/Frameworks",
				);
				PRODUCT_BUNDLE_IDENTIFIER = com.openwindow.plantly.Plantly;
				PRODUCT_NAME = "$(TARGET_NAME)";
				PROVISIONING_PROFILE_SPECIFIER = "";
				SWIFT_VERSION = 5.0;
				TARGETED_DEVICE_FAMILY = "1,2";
			};
			name = Debug;
		};
		57E00ABE26A5A28500D91E2D /* Release */ = {
			isa = XCBuildConfiguration;
			buildSettings = {
				ASSETCATALOG_COMPILER_APPICON_NAME = AppIcon;
				ASSETCATALOG_COMPILER_GLOBAL_ACCENT_COLOR_NAME = AccentColor;
				CODE_SIGN_STYLE = Manual;
				DEVELOPMENT_ASSET_PATHS = "\"Plantly/Preview Content\"";
				DEVELOPMENT_TEAM = "Dylan da Silva";
				ENABLE_PREVIEWS = YES;
				INFOPLIST_FILE = Plantly/Info.plist;
				IPHONEOS_DEPLOYMENT_TARGET = 14.0;
				LD_RUNPATH_SEARCH_PATHS = (
					"$(inherited)",
					"@executable_path/Frameworks",
				);
				PRODUCT_BUNDLE_IDENTIFIER = com.openwindow.plantly.Plantly;
				PRODUCT_NAME = "$(TARGET_NAME)";
				PROVISIONING_PROFILE_SPECIFIER = "";
				SWIFT_VERSION = 5.0;
				TARGETED_DEVICE_FAMILY = "1,2";
			};
			name = Release;
		};
/* End XCBuildConfiguration section */

/* Begin XCConfigurationList section */
		57E00AA826A5A28400D91E2D /* Build configuration list for PBXProject "Plantly" */ = {
			isa = XCConfigurationList;
			buildConfigurations = (
				57E00ABA26A5A28500D91E2D /* Debug */,
				57E00ABB26A5A28500D91E2D /* Release */,
			);
			defaultConfigurationIsVisible = 0;
			defaultConfigurationName = Release;
		};
		57E00ABC26A5A28500D91E2D /* Build configuration list for PBXNativeTarget "Plantly" */ = {
			isa = XCConfigurationList;
			buildConfigurations = (
				57E00ABD26A5A28500D91E2D /* Debug */,
				57E00ABE26A5A28500D91E2D /* Release */,
			);
			defaultConfigurationIsVisible = 0;
			defaultConfigurationName = Release;
		};
/* End XCConfigurationList section */
	};
	rootObject = 57E00AA526A5A28400D91E2D /* Project object */;
}
